PODS:
  - Alamofire (4.9.1)
  - Cosmos (20.0.1)
  - RevealingSplashView (0.6.0)
  - SDWebImage (5.4.0):
    - SDWebImage/Core (= 5.4.0)
  - SDWebImage/Core (5.4.0)
  - SwiftyJSON (5.0.0)

DEPENDENCIES:
  - Alamofire
  - Cosmos (~> 20.0)
  - RevealingSplashView
  - SDWebImage
  - SwiftyJSON

SPEC REPOS:
  trunk:
    - Alamofire
    - Cosmos
    - RevealingSplashView
    - SDWebImage
    - SwiftyJSON

SPEC CHECKSUMS:
  Alamofire: 85e8a02c69d6020a0d734f6054870d7ecb75cf18
  Cosmos: b47fddf2102bb48580cd3025d9ce0a5c658a65da
  RevealingSplashView: 40c5a770894459736acdc95655eeba0dd30ce91c
  SDWebImage: 5bf6aec6481ae2a062bdc59f9d6c1d1e552090e0
  SwiftyJSON: 36413e04c44ee145039d332b4f4e2d3e8d6c4db7

PODFILE CHECKSUM: d36e396a9a45df4bd81d95fdf5406e3366d13733

COCOAPODS: 1.8.4
