// !$*UTF8*$!
{
	archiveVersion = 1;
	classes = {
	};
	objectVersion = 51;
	objects = {

/* Begin PBXBuildFile section */
		038A8920E3426C619179B4C5 /* Pods_Filmey.framework in Frameworks */ = {isa = PBXBuildFile; fileRef = D9262210CEA1D294E72957E8 /* Pods_Filmey.framework */; };
		763A07B723C7B64F008B67BA /* Reachability.swift in Sources */ = {isa = PBXBuildFile; fileRef = 763A07B623C7B64E008B67BA /* Reachability.swift */; };
		763A07B923C7C474008B67BA /* GetMovieDetails.swift in Sources */ = {isa = PBXBuildFile; fileRef = 763A07B823C7C474008B67BA /* GetMovieDetails.swift */; };
		76470F6223BFCE5A004EF4B2 /* AppDelegate.swift in Sources */ = {isa = PBXBuildFile; fileRef = 76470F6123BFCE5A004EF4B2 /* AppDelegate.swift */; };
		76470F6423BFCE5A004EF4B2 /* SceneDelegate.swift in Sources */ = {isa = PBXBuildFile; fileRef = 76470F6323BFCE5A004EF4B2 /* SceneDelegate.swift */; };
		76470F6923BFCE5A004EF4B2 /* Main.storyboard in Resources */ = {isa = PBXBuildFile; fileRef = 76470F6723BFCE5A004EF4B2 /* Main.storyboard */; };
		76470F6C23BFCE5A004EF4B2 /* Filmey.xcdatamodeld in Sources */ = {isa = PBXBuildFile; fileRef = 76470F6A23BFCE5A004EF4B2 /* Filmey.xcdatamodeld */; };
		76470F6E23BFCE5C004EF4B2 /* Assets.xcassets in Resources */ = {isa = PBXBuildFile; fileRef = 76470F6D23BFCE5C004EF4B2 /* Assets.xcassets */; };
		76470F7123BFCE5C004EF4B2 /* LaunchScreen.storyboard in Resources */ = {isa = PBXBuildFile; fileRef = 76470F6F23BFCE5C004EF4B2 /* LaunchScreen.storyboard */; };
		76470F7B23BFE5C0004EF4B2 /* FavoriteVC.swift in Sources */ = {isa = PBXBuildFile; fileRef = 76470F7A23BFE5C0004EF4B2 /* FavoriteVC.swift */; };
		76470F7D23BFE5E6004EF4B2 /* HomeVC.swift in Sources */ = {isa = PBXBuildFile; fileRef = 76470F7C23BFE5E6004EF4B2 /* HomeVC.swift */; };
		76470F7F23BFF6CC004EF4B2 /* moviesCell.swift in Sources */ = {isa = PBXBuildFile; fileRef = 76470F7E23BFF6CC004EF4B2 /* moviesCell.swift */; };
		76470F8123C08654004EF4B2 /* constants.swift in Sources */ = {isa = PBXBuildFile; fileRef = 76470F8023C08654004EF4B2 /* constants.swift */; };
		76470F8323C08F85004EF4B2 /* MovieModel.swift in Sources */ = {isa = PBXBuildFile; fileRef = 76470F8223C08F85004EF4B2 /* MovieModel.swift */; };
		76470F8523C08FE4004EF4B2 /* MoviesServices.swift in Sources */ = {isa = PBXBuildFile; fileRef = 76470F8423C08FE4004EF4B2 /* MoviesServices.swift */; };
		76A0FB6D23CA5050008D1CA5 /* ReviewCell.swift in Sources */ = {isa = PBXBuildFile; fileRef = 76A0FB6B23CA5050008D1CA5 /* ReviewCell.swift */; };
		76C610ED23C93EBC0029FBBC /* ReviewServices.swift in Sources */ = {isa = PBXBuildFile; fileRef = 76C610EC23C93EBC0029FBBC /* ReviewServices.swift */; };
		76C610EF23C93F080029FBBC /* ReviewModel.swift in Sources */ = {isa = PBXBuildFile; fileRef = 76C610EE23C93F080029FBBC /* ReviewModel.swift */; };
		76C610F123C942D50029FBBC /* Extension UICollectionView.swift in Sources */ = {isa = PBXBuildFile; fileRef = 76C610F023C942D50029FBBC /* Extension UICollectionView.swift */; };
		76DB7F7E23C89B2F00B7F1BC /* Extension UITableView.swift in Sources */ = {isa = PBXBuildFile; fileRef = 76DB7F7D23C89B2F00B7F1BC /* Extension UITableView.swift */; };
		76F5589723C37FB300BF2D8B /* MovieDetailsVC.swift in Sources */ = {isa = PBXBuildFile; fileRef = 76F5589623C37FB300BF2D8B /* MovieDetailsVC.swift */; };
		76F5589923C387EF00BF2D8B /* TrailersServices.swift in Sources */ = {isa = PBXBuildFile; fileRef = 76F5589823C387EF00BF2D8B /* TrailersServices.swift */; };
		76F5589B23C3883600BF2D8B /* TrailerData.swift in Sources */ = {isa = PBXBuildFile; fileRef = 76F5589A23C3883600BF2D8B /* TrailerData.swift */; };
		76F5589D23C3A0D900BF2D8B /* CoreDataHandler.swift in Sources */ = {isa = PBXBuildFile; fileRef = 76F5589C23C3A0D800BF2D8B /* CoreDataHandler.swift */; };
		76F558A023C3C0DE00BF2D8B /* favoriteCell.swift in Sources */ = {isa = PBXBuildFile; fileRef = 76F5589E23C3C0DE00BF2D8B /* favoriteCell.swift */; };
		76F558A123C3C0DE00BF2D8B /* favoriiteCell.xib in Resources */ = {isa = PBXBuildFile; fileRef = 76F5589F23C3C0DE00BF2D8B /* favoriiteCell.xib */; };
/* End PBXBuildFile section */

/* Begin PBXFileReference section */
		12BC762BD9053051C016DE99 /* Pods-Filmey.debug.xcconfig */ = {isa = PBXFileReference; includeInIndex = 1; lastKnownFileType = text.xcconfig; name = "Pods-Filmey.debug.xcconfig"; path = "Target Support Files/Pods-Filmey/Pods-Filmey.debug.xcconfig"; sourceTree = "<group>"; };
		6AEDD85D4B50DA2BE2963288 /* Pods-Filmey.release.xcconfig */ = {isa = PBXFileReference; includeInIndex = 1; lastKnownFileType = text.xcconfig; name = "Pods-Filmey.release.xcconfig"; path = "Target Support Files/Pods-Filmey/Pods-Filmey.release.xcconfig"; sourceTree = "<group>"; };
		763A07B623C7B64E008B67BA /* Reachability.swift */ = {isa = PBXFileReference; fileEncoding = 4; lastKnownFileType = sourcecode.swift; path = Reachability.swift; sourceTree = "<group>"; };
		763A07B823C7C474008B67BA /* GetMovieDetails.swift */ = {isa = PBXFileReference; lastKnownFileType = sourcecode.swift; path = GetMovieDetails.swift; sourceTree = "<group>"; };
		76470F5E23BFCE5A004EF4B2 /* Pop Star.app */ = {isa = PBXFileReference; explicitFileType = wrapper.application; includeInIndex = 0; path = "Pop Star.app"; sourceTree = BUILT_PRODUCTS_DIR; };
		76470F6123BFCE5A004EF4B2 /* AppDelegate.swift */ = {isa = PBXFileReference; lastKnownFileType = sourcecode.swift; path = AppDelegate.swift; sourceTree = "<group>"; };
		76470F6323BFCE5A004EF4B2 /* SceneDelegate.swift */ = {isa = PBXFileReference; lastKnownFileType = sourcecode.swift; path = SceneDelegate.swift; sourceTree = "<group>"; };
		76470F6823BFCE5A004EF4B2 /* Base */ = {isa = PBXFileReference; lastKnownFileType = file.storyboard; name = Base; path = Base.lproj/Main.storyboard; sourceTree = "<group>"; };
		76470F6B23BFCE5A004EF4B2 /* Filmey.xcdatamodel */ = {isa = PBXFileReference; lastKnownFileType = wrapper.xcdatamodel; path = Filmey.xcdatamodel; sourceTree = "<group>"; };
		76470F6D23BFCE5C004EF4B2 /* Assets.xcassets */ = {isa = PBXFileReference; lastKnownFileType = folder.assetcatalog; path = Assets.xcassets; sourceTree = "<group>"; };
		76470F7023BFCE5C004EF4B2 /* Base */ = {isa = PBXFileReference; lastKnownFileType = file.storyboard; name = Base; path = Base.lproj/LaunchScreen.storyboard; sourceTree = "<group>"; };
		76470F7223BFCE5C004EF4B2 /* Info.plist */ = {isa = PBXFileReference; lastKnownFileType = text.plist.xml; path = Info.plist; sourceTree = "<group>"; };
		76470F7A23BFE5C0004EF4B2 /* FavoriteVC.swift */ = {isa = PBXFileReference; lastKnownFileType = sourcecode.swift; path = FavoriteVC.swift; sourceTree = "<group>"; };
		76470F7C23BFE5E6004EF4B2 /* HomeVC.swift */ = {isa = PBXFileReference; lastKnownFileType = sourcecode.swift; path = HomeVC.swift; sourceTree = "<group>"; };
		76470F7E23BFF6CC004EF4B2 /* moviesCell.swift */ = {isa = PBXFileReference; lastKnownFileType = sourcecode.swift; path = moviesCell.swift; sourceTree = "<group>"; };
		76470F8023C08654004EF4B2 /* constants.swift */ = {isa = PBXFileReference; lastKnownFileType = sourcecode.swift; path = constants.swift; sourceTree = "<group>"; };
		76470F8223C08F85004EF4B2 /* MovieModel.swift */ = {isa = PBXFileReference; fileEncoding = 4; lastKnownFileType = sourcecode.swift; path = MovieModel.swift; sourceTree = "<group>"; };
		76470F8423C08FE4004EF4B2 /* MoviesServices.swift */ = {isa = PBXFileReference; lastKnownFileType = sourcecode.swift; path = MoviesServices.swift; sourceTree = "<group>"; };
		76A0FB6B23CA5050008D1CA5 /* ReviewCell.swift */ = {isa = PBXFileReference; lastKnownFileType = sourcecode.swift; path = ReviewCell.swift; sourceTree = "<group>"; };
		76C610EC23C93EBC0029FBBC /* ReviewServices.swift */ = {isa = PBXFileReference; lastKnownFileType = sourcecode.swift; path = ReviewServices.swift; sourceTree = "<group>"; };
		76C610EE23C93F080029FBBC /* ReviewModel.swift */ = {isa = PBXFileReference; lastKnownFileType = sourcecode.swift; path = ReviewModel.swift; sourceTree = "<group>"; };
		76C610F023C942D50029FBBC /* Extension UICollectionView.swift */ = {isa = PBXFileReference; lastKnownFileType = sourcecode.swift; path = "Extension UICollectionView.swift"; sourceTree = "<group>"; };
		76DB7F7D23C89B2F00B7F1BC /* Extension UITableView.swift */ = {isa = PBXFileReference; lastKnownFileType = sourcecode.swift; path = "Extension UITableView.swift"; sourceTree = "<group>"; };
		76F5589623C37FB300BF2D8B /* MovieDetailsVC.swift */ = {isa = PBXFileReference; lastKnownFileType = sourcecode.swift; path = MovieDetailsVC.swift; sourceTree = "<group>"; };
		76F5589823C387EF00BF2D8B /* TrailersServices.swift */ = {isa = PBXFileReference; lastKnownFileType = sourcecode.swift; path = TrailersServices.swift; sourceTree = "<group>"; };
		76F5589A23C3883600BF2D8B /* TrailerData.swift */ = {isa = PBXFileReference; lastKnownFileType = sourcecode.swift; path = TrailerData.swift; sourceTree = "<group>"; };
		76F5589C23C3A0D800BF2D8B /* CoreDataHandler.swift */ = {isa = PBXFileReference; fileEncoding = 4; lastKnownFileType = sourcecode.swift; path = CoreDataHandler.swift; sourceTree = "<group>"; };
		76F5589E23C3C0DE00BF2D8B /* favoriteCell.swift */ = {isa = PBXFileReference; lastKnownFileType = sourcecode.swift; path = favoriteCell.swift; sourceTree = "<group>"; };
		76F5589F23C3C0DE00BF2D8B /* favoriiteCell.xib */ = {isa = PBXFileReference; lastKnownFileType = file.xib; path = favoriiteCell.xib; sourceTree = "<group>"; };
		D9262210CEA1D294E72957E8 /* Pods_Filmey.framework */ = {isa = PBXFileReference; explicitFileType = wrapper.framework; includeInIndex = 0; path = Pods_Filmey.framework; sourceTree = BUILT_PRODUCTS_DIR; };
/* End PBXFileReference section */

/* Begin PBXFrameworksBuildPhase section */
		76470F5B23BFCE5A004EF4B2 /* Frameworks */ = {
			isa = PBXFrameworksBuildPhase;
			buildActionMask = 2147483647;
			files = (
				038A8920E3426C619179B4C5 /* Pods_Filmey.framework in Frameworks */,
			);
			runOnlyForDeploymentPostprocessing = 0;
		};
/* End PBXFrameworksBuildPhase section */

/* Begin PBXGroup section */
		762A7C5A23C52E10009AB51C /* Models */ = {
			isa = PBXGroup;
			children = (
				76470F8223C08F85004EF4B2 /* MovieModel.swift */,
				76F5589A23C3883600BF2D8B /* TrailerData.swift */,
				76F5589C23C3A0D800BF2D8B /* CoreDataHandler.swift */,
				76C610EE23C93F080029FBBC /* ReviewModel.swift */,
			);
			path = Models;
			sourceTree = "<group>";
		};
		762A7C5B23C52E1E009AB51C /* Views */ = {
			isa = PBXGroup;
			children = (
				76470F6F23BFCE5C004EF4B2 /* LaunchScreen.storyboard */,
				76470F6723BFCE5A004EF4B2 /* Main.storyboard */,
				76470F7E23BFF6CC004EF4B2 /* moviesCell.swift */,
				76F5589E23C3C0DE00BF2D8B /* favoriteCell.swift */,
				76F5589F23C3C0DE00BF2D8B /* favoriiteCell.xib */,
				76A0FB6B23CA5050008D1CA5 /* ReviewCell.swift */,
			);
			path = Views;
			sourceTree = "<group>";
		};
		762A7C5C23C52E38009AB51C /* NetworkingServices */ = {
			isa = PBXGroup;
			children = (
				76470F8423C08FE4004EF4B2 /* MoviesServices.swift */,
				76F5589823C387EF00BF2D8B /* TrailersServices.swift */,
				763A07B823C7C474008B67BA /* GetMovieDetails.swift */,
				76C610EC23C93EBC0029FBBC /* ReviewServices.swift */,
			);
			path = NetworkingServices;
			sourceTree = "<group>";
		};
		762A7C5D23C52E56009AB51C /* ViewControllers */ = {
			isa = PBXGroup;
			children = (
				76470F7C23BFE5E6004EF4B2 /* HomeVC.swift */,
				76F5589623C37FB300BF2D8B /* MovieDetailsVC.swift */,
				76470F7A23BFE5C0004EF4B2 /* FavoriteVC.swift */,
			);
			path = ViewControllers;
			sourceTree = "<group>";
		};
		762A7C5E23C52E88009AB51C /* Helping */ = {
			isa = PBXGroup;
			children = (
				763A07B623C7B64E008B67BA /* Reachability.swift */,
				76470F8023C08654004EF4B2 /* constants.swift */,
				76DB7F7D23C89B2F00B7F1BC /* Extension UITableView.swift */,
				76C610F023C942D50029FBBC /* Extension UICollectionView.swift */,
			);
			path = Helping;
			sourceTree = "<group>";
		};
		76470F5523BFCE5A004EF4B2 = {
			isa = PBXGroup;
			children = (
				76470F6023BFCE5A004EF4B2 /* Filmey */,
				76470F5F23BFCE5A004EF4B2 /* Products */,
				C5C01C11E086E144ABF9BE6C /* Pods */,
				F5E35D3B80C66199C5C87C3E /* Frameworks */,
			);
			sourceTree = "<group>";
		};
		76470F5F23BFCE5A004EF4B2 /* Products */ = {
			isa = PBXGroup;
			children = (
				76470F5E23BFCE5A004EF4B2 /* Pop Star.app */,
			);
			name = Products;
			sourceTree = "<group>";
		};
		76470F6023BFCE5A004EF4B2 /* Filmey */ = {
			isa = PBXGroup;
			children = (
				762A7C5A23C52E10009AB51C /* Models */,
				762A7C5B23C52E1E009AB51C /* Views */,
				762A7C5C23C52E38009AB51C /* NetworkingServices */,
				762A7C5D23C52E56009AB51C /* ViewControllers */,
				762A7C5E23C52E88009AB51C /* Helping */,
				76470F6123BFCE5A004EF4B2 /* AppDelegate.swift */,
				76470F6323BFCE5A004EF4B2 /* SceneDelegate.swift */,
				76470F6D23BFCE5C004EF4B2 /* Assets.xcassets */,
				76470F7223BFCE5C004EF4B2 /* Info.plist */,
				76470F6A23BFCE5A004EF4B2 /* Filmey.xcdatamodeld */,
			);
			path = Filmey;
			sourceTree = "<group>";
		};
		C5C01C11E086E144ABF9BE6C /* Pods */ = {
			isa = PBXGroup;
			children = (
				12BC762BD9053051C016DE99 /* Pods-Filmey.debug.xcconfig */,
				6AEDD85D4B50DA2BE2963288 /* Pods-Filmey.release.xcconfig */,
			);
			path = Pods;
			sourceTree = "<group>";
		};
		F5E35D3B80C66199C5C87C3E /* Frameworks */ = {
			isa = PBXGroup;
			children = (
				D9262210CEA1D294E72957E8 /* Pods_Filmey.framework */,
			);
			name = Frameworks;
			sourceTree = "<group>";
		};
/* End PBXGroup section */

/* Begin PBXNativeTarget section */
		76470F5D23BFCE5A004EF4B2 /* Filmey */ = {
			isa = PBXNativeTarget;
			buildConfigurationList = 76470F7523BFCE5C004EF4B2 /* Build configuration list for PBXNativeTarget "Filmey" */;
			buildPhases = (
				96D7A81565C56F2E599ADF0F /* [CP] Check Pods Manifest.lock */,
				76470F5A23BFCE5A004EF4B2 /* Sources */,
				76470F5B23BFCE5A004EF4B2 /* Frameworks */,
				76470F5C23BFCE5A004EF4B2 /* Resources */,
				8FD7C76D9B1332DD7D8E7624 /* [CP] Embed Pods Frameworks */,
			);
			buildRules = (
			);
			dependencies = (
			);
			name = Filmey;
			productName = Filmey;
			productReference = 76470F5E23BFCE5A004EF4B2 /* Pop Star.app */;
			productType = "com.apple.product-type.application";
		};
/* End PBXNativeTarget section */

/* Begin PBXProject section */
		76470F5623BFCE5A004EF4B2 /* Project object */ = {
			isa = PBXProject;
			attributes = {
				LastSwiftUpdateCheck = 1120;
				LastUpgradeCheck = 1120;
				ORGANIZATIONNAME = "Asmaa Tarek";
				TargetAttributes = {
					76470F5D23BFCE5A004EF4B2 = {
						CreatedOnToolsVersion = 11.2.1;
					};
				};
			};
			buildConfigurationList = 76470F5923BFCE5A004EF4B2 /* Build configuration list for PBXProject "Filmey" */;
			compatibilityVersion = "Xcode 9.3";
			developmentRegion = en;
			hasScannedForEncodings = 0;
			knownRegions = (
				en,
				Base,
			);
			mainGroup = 76470F5523BFCE5A004EF4B2;
			productRefGroup = 76470F5F23BFCE5A004EF4B2 /* Products */;
			projectDirPath = "";
			projectRoot = "";
			targets = (
				76470F5D23BFCE5A004EF4B2 /* Filmey */,
			);
		};
/* End PBXProject section */

/* Begin PBXResourcesBuildPhase section */
		76470F5C23BFCE5A004EF4B2 /* Resources */ = {
			isa = PBXResourcesBuildPhase;
			buildActionMask = 2147483647;
			files = (
				76470F7123BFCE5C004EF4B2 /* LaunchScreen.storyboard in Resources */,
				76470F6E23BFCE5C004EF4B2 /* Assets.xcassets in Resources */,
				76470F6923BFCE5A004EF4B2 /* Main.storyboard in Resources */,
				76F558A123C3C0DE00BF2D8B /* favoriiteCell.xib in Resources */,
			);
			runOnlyForDeploymentPostprocessing = 0;
		};
/* End PBXResourcesBuildPhase section */

/* Begin PBXShellScriptBuildPhase section */
		8FD7C76D9B1332DD7D8E7624 /* [CP] Embed Pods Frameworks */ = {
			isa = PBXShellScriptBuildPhase;
			buildActionMask = 2147483647;
			files = (
			);
			inputFileListPaths = (
				"${PODS_ROOT}/Target Support Files/Pods-Filmey/Pods-Filmey-frameworks-${CONFIGURATION}-input-files.xcfilelist",
			);
			name = "[CP] Embed Pods Frameworks";
			outputFileListPaths = (
				"${PODS_ROOT}/Target Support Files/Pods-Filmey/Pods-Filmey-frameworks-${CONFIGURATION}-output-files.xcfilelist",
			);
			runOnlyForDeploymentPostprocessing = 0;
			shellPath = /bin/sh;
			shellScript = "\"${PODS_ROOT}/Target Support Files/Pods-Filmey/Pods-Filmey-frameworks.sh\"\n";
			showEnvVarsInLog = 0;
		};
		96D7A81565C56F2E599ADF0F /* [CP] Check Pods Manifest.lock */ = {
			isa = PBXShellScriptBuildPhase;
			buildActionMask = 2147483647;
			files = (
			);
			inputFileListPaths = (
			);
			inputPaths = (
				"${PODS_PODFILE_DIR_PATH}/Podfile.lock",
				"${PODS_ROOT}/Manifest.lock",
			);
			name = "[CP] Check Pods Manifest.lock";
			outputFileListPaths = (
			);
			outputPaths = (
				"$(DERIVED_FILE_DIR)/Pods-Filmey-checkManifestLockResult.txt",
			);
			runOnlyForDeploymentPostprocessing = 0;
			shellPath = /bin/sh;
			shellScript = "diff \"${PODS_PODFILE_DIR_PATH}/Podfile.lock\" \"${PODS_ROOT}/Manifest.lock\" > /dev/null\nif [ $? != 0 ] ; then\n    # print error to STDERR\n    echo \"error: The sandbox is not in sync with the Podfile.lock. Run 'pod install' or update your CocoaPods installation.\" >&2\n    exit 1\nfi\n# This output is used by Xcode 'outputs' to avoid re-running this script phase.\necho \"SUCCESS\" > \"${SCRIPT_OUTPUT_FILE_0}\"\n";
			showEnvVarsInLog = 0;
		};
/* End PBXShellScriptBuildPhase section */

/* Begin PBXSourcesBuildPhase section */
		76470F5A23BFCE5A004EF4B2 /* Sources */ = {
			isa = PBXSourcesBuildPhase;
			buildActionMask = 2147483647;
			files = (
				76F5589D23C3A0D900BF2D8B /* CoreDataHandler.swift in Sources */,
				76470F6C23BFCE5A004EF4B2 /* Filmey.xcdatamodeld in Sources */,
				76F558A023C3C0DE00BF2D8B /* favoriteCell.swift in Sources */,
				76470F8323C08F85004EF4B2 /* MovieModel.swift in Sources */,
				76F5589B23C3883600BF2D8B /* TrailerData.swift in Sources */,
				76C610EF23C93F080029FBBC /* ReviewModel.swift in Sources */,
				763A07B923C7C474008B67BA /* GetMovieDetails.swift in Sources */,
				76470F8523C08FE4004EF4B2 /* MoviesServices.swift in Sources */,
				76470F6223BFCE5A004EF4B2 /* AppDelegate.swift in Sources */,
				76F5589923C387EF00BF2D8B /* TrailersServices.swift in Sources */,
				76470F7F23BFF6CC004EF4B2 /* moviesCell.swift in Sources */,
				76470F7D23BFE5E6004EF4B2 /* HomeVC.swift in Sources */,
				76DB7F7E23C89B2F00B7F1BC /* Extension UITableView.swift in Sources */,
				76A0FB6D23CA5050008D1CA5 /* ReviewCell.swift in Sources */,
				76470F7B23BFE5C0004EF4B2 /* FavoriteVC.swift in Sources */,
				76C610F123C942D50029FBBC /* Extension UICollectionView.swift in Sources */,
				76470F6423BFCE5A004EF4B2 /* SceneDelegate.swift in Sources */,
				76470F8123C08654004EF4B2 /* constants.swift in Sources */,
				763A07B723C7B64F008B67BA /* Reachability.swift in Sources */,
				76F5589723C37FB300BF2D8B /* MovieDetailsVC.swift in Sources */,
				76C610ED23C93EBC0029FBBC /* ReviewServices.swift in Sources */,
			);
			runOnlyForDeploymentPostprocessing = 0;
		};
/* End PBXSourcesBuildPhase section */

/* Begin PBXVariantGroup section */
		76470F6723BFCE5A004EF4B2 /* Main.storyboard */ = {
			isa = PBXVariantGroup;
			children = (
				76470F6823BFCE5A004EF4B2 /* Base */,
			);
			name = Main.storyboard;
			sourceTree = "<group>";
		};
		76470F6F23BFCE5C004EF4B2 /* LaunchScreen.storyboard */ = {
			isa = PBXVariantGroup;
			children = (
				76470F7023BFCE5C004EF4B2 /* Base */,
			);
			name = LaunchScreen.storyboard;
			sourceTree = "<group>";
		};
/* End PBXVariantGroup section */

/* Begin XCBuildConfiguration section */
		76470F7323BFCE5C004EF4B2 /* Debug */ = {
			isa = XCBuildConfiguration;
			buildSettings = {
				ALWAYS_SEARCH_USER_PATHS = NO;
				CLANG_ANALYZER_NONNULL = YES;
				CLANG_ANALYZER_NUMBER_OBJECT_CONVERSION = YES_AGGRESSIVE;
				CLANG_CXX_LANGUAGE_STANDARD = "gnu++14";
				CLANG_CXX_LIBRARY = "libc++";
				CLANG_ENABLE_MODULES = YES;
				CLANG_ENABLE_OBJC_ARC = YES;
				CLANG_ENABLE_OBJC_WEAK = YES;
				CLANG_WARN_BLOCK_CAPTURE_AUTORELEASING = YES;
				CLANG_WARN_BOOL_CONVERSION = YES;
				CLANG_WARN_COMMA = YES;
				CLANG_WARN_CONSTANT_CONVERSION = YES;
				CLANG_WARN_DEPRECATED_OBJC_IMPLEMENTATIONS = YES;
				CLANG_WARN_DIRECT_OBJC_ISA_USAGE = YES_ERROR;
				CLANG_WARN_DOCUMENTATION_COMMENTS = YES;
				CLANG_WARN_EMPTY_BODY = YES;
				CLANG_WARN_ENUM_CONVERSION = YES;
				CLANG_WARN_INFINITE_RECURSION = YES;
				CLANG_WARN_INT_CONVERSION = YES;
				CLANG_WARN_NON_LITERAL_NULL_CONVERSION = YES;
				CLANG_WARN_OBJC_IMPLICIT_RETAIN_SELF = YES;
				CLANG_WARN_OBJC_LITERAL_CONVERSION = YES;
				CLANG_WARN_OBJC_ROOT_CLASS = YES_ERROR;
				CLANG_WARN_RANGE_LOOP_ANALYSIS = YES;
				CLANG_WARN_STRICT_PROTOTYPES = YES;
				CLANG_WARN_SUSPICIOUS_MOVE = YES;
				CLANG_WARN_UNGUARDED_AVAILABILITY = YES_AGGRESSIVE;
				CLANG_WARN_UNREACHABLE_CODE = YES;
				CLANG_WARN__DUPLICATE_METHOD_MATCH = YES;
				COPY_PHASE_STRIP = NO;
				DEBUG_INFORMATION_FORMAT = dwarf;
				ENABLE_STRICT_OBJC_MSGSEND = YES;
				ENABLE_TESTABILITY = YES;
				GCC_C_LANGUAGE_STANDARD = gnu11;
				GCC_DYNAMIC_NO_PIC = NO;
				GCC_NO_COMMON_BLOCKS = YES;
				GCC_OPTIMIZATION_LEVEL = 0;
				GCC_PREPROCESSOR_DEFINITIONS = (
					"DEBUG=1",
					"$(inherited)",
				);
				GCC_WARN_64_TO_32_BIT_CONVERSION = YES;
				GCC_WARN_ABOUT_RETURN_TYPE = YES_ERROR;
				GCC_WARN_UNDECLARED_SELECTOR = YES;
				GCC_WARN_UNINITIALIZED_AUTOS = YES_AGGRESSIVE;
				GCC_WARN_UNUSED_FUNCTION = YES;
				GCC_WARN_UNUSED_VARIABLE = YES;
				IPHONEOS_DEPLOYMENT_TARGET = 13.2;
				MTL_ENABLE_DEBUG_INFO = INCLUDE_SOURCE;
				MTL_FAST_MATH = YES;
				ONLY_ACTIVE_ARCH = YES;
				SDKROOT = iphoneos;
				SWIFT_ACTIVE_COMPILATION_CONDITIONS = DEBUG;
				SWIFT_OPTIMIZATION_LEVEL = "-Onone";
			};
			name = Debug;
		};
		76470F7423BFCE5C004EF4B2 /* Release */ = {
			isa = XCBuildConfiguration;
			buildSettings = {
				ALWAYS_SEARCH_USER_PATHS = NO;
				CLANG_ANALYZER_NONNULL = YES;
				CLANG_ANALYZER_NUMBER_OBJECT_CONVERSION = YES_AGGRESSIVE;
				CLANG_CXX_LANGUAGE_STANDARD = "gnu++14";
				CLANG_CXX_LIBRARY = "libc++";
				CLANG_ENABLE_MODULES = YES;
				CLANG_ENABLE_OBJC_ARC = YES;
				CLANG_ENABLE_OBJC_WEAK = YES;
				CLANG_WARN_BLOCK_CAPTURE_AUTORELEASING = YES;
				CLANG_WARN_BOOL_CONVERSION = YES;
				CLANG_WARN_COMMA = YES;
				CLANG_WARN_CONSTANT_CONVERSION = YES;
				CLANG_WARN_DEPRECATED_OBJC_IMPLEMENTATIONS = YES;
				CLANG_WARN_DIRECT_OBJC_ISA_USAGE = YES_ERROR;
				CLANG_WARN_DOCUMENTATION_COMMENTS = YES;
				CLANG_WARN_EMPTY_BODY = YES;
				CLANG_WARN_ENUM_CONVERSION = YES;
				CLANG_WARN_INFINITE_RECURSION = YES;
				CLANG_WARN_INT_CONVERSION = YES;
				CLANG_WARN_NON_LITERAL_NULL_CONVERSION = YES;
				CLANG_WARN_OBJC_IMPLICIT_RETAIN_SELF = YES;
				CLANG_WARN_OBJC_LITERAL_CONVERSION = YES;
				CLANG_WARN_OBJC_ROOT_CLASS = YES_ERROR;
				CLANG_WARN_RANGE_LOOP_ANALYSIS = YES;
				CLANG_WARN_STRICT_PROTOTYPES = YES;
				CLANG_WARN_SUSPICIOUS_MOVE = YES;
				CLANG_WARN_UNGUARDED_AVAILABILITY = YES_AGGRESSIVE;
				CLANG_WARN_UNREACHABLE_CODE = YES;
				CLANG_WARN__DUPLICATE_METHOD_MATCH = YES;
				COPY_PHASE_STRIP = NO;
				DEBUG_INFORMATION_FORMAT = "dwarf-with-dsym";
				ENABLE_NS_ASSERTIONS = NO;
				ENABLE_STRICT_OBJC_MSGSEND = YES;
				GCC_C_LANGUAGE_STANDARD = gnu11;
				GCC_NO_COMMON_BLOCKS = YES;
				GCC_WARN_64_TO_32_BIT_CONVERSION = YES;
				GCC_WARN_ABOUT_RETURN_TYPE = YES_ERROR;
				GCC_WARN_UNDECLARED_SELECTOR = YES;
				GCC_WARN_UNINITIALIZED_AUTOS = YES_AGGRESSIVE;
				GCC_WARN_UNUSED_FUNCTION = YES;
				GCC_WARN_UNUSED_VARIABLE = YES;
				IPHONEOS_DEPLOYMENT_TARGET = 13.2;
				MTL_ENABLE_DEBUG_INFO = NO;
				MTL_FAST_MATH = YES;
				SDKROOT = iphoneos;
				SWIFT_COMPILATION_MODE = wholemodule;
				SWIFT_OPTIMIZATION_LEVEL = "-O";
				VALIDATE_PRODUCT = YES;
			};
			name = Release;
		};
		76470F7623BFCE5C004EF4B2 /* Debug */ = {
			isa = XCBuildConfiguration;
			baseConfigurationReference = 12BC762BD9053051C016DE99 /* Pods-Filmey.debug.xcconfig */;
			buildSettings = {
				ASSETCATALOG_COMPILER_APPICON_NAME = AppIcon;
				CODE_SIGN_STYLE = Automatic;
				DEVELOPMENT_TEAM = QVCZFS2TP2;
				INFOPLIST_FILE = Filmey/Info.plist;
				LD_RUNPATH_SEARCH_PATHS = (
					"$(inherited)",
					"@executable_path/Frameworks",
				);
				PRODUCT_BUNDLE_IDENTIFIER = EsmaTarek.Filmey;
				PRODUCT_NAME = "Pop Star";
				SWIFT_VERSION = 5.0;
				TARGETED_DEVICE_FAMILY = "1,2";
			};
			name = Debug;
		};
		76470F7723BFCE5C004EF4B2 /* Release */ = {
			isa = XCBuildConfiguration;
			baseConfigurationReference = 6AEDD85D4B50DA2BE2963288 /* Pods-Filmey.release.xcconfig */;
			buildSettings = {
				ASSETCATALOG_COMPILER_APPICON_NAME = AppIcon;
				CODE_SIGN_STYLE = Automatic;
				DEVELOPMENT_TEAM = QVCZFS2TP2;
				INFOPLIST_FILE = Filmey/Info.plist;
				LD_RUNPATH_SEARCH_PATHS = (
					"$(inherited)",
					"@executable_path/Frameworks",
				);
				PRODUCT_BUNDLE_IDENTIFIER = EsmaTarek.Filmey;
				PRODUCT_NAME = "Pop Star";
				SWIFT_VERSION = 5.0;
				TARGETED_DEVICE_FAMILY = "1,2";
			};
			name = Release;
		};
/* End XCBuildConfiguration section */

/* Begin XCConfigurationList section */
		76470F5923BFCE5A004EF4B2 /* Build configuration list for PBXProject "Filmey" */ = {
			isa = XCConfigurationList;
			buildConfigurations = (
				76470F7323BFCE5C004EF4B2 /* Debug */,
				76470F7423BFCE5C004EF4B2 /* Release */,
			);
			defaultConfigurationIsVisible = 0;
			defaultConfigurationName = Release;
		};
		76470F7523BFCE5C004EF4B2 /* Build configuration list for PBXNativeTarget "Filmey" */ = {
			isa = XCConfigurationList;
			buildConfigurations = (
				76470F7623BFCE5C004EF4B2 /* Debug */,
				76470F7723BFCE5C004EF4B2 /* Release */,
			);
			defaultConfigurationIsVisible = 0;
			defaultConfigurationName = Release;
		};
/* End XCConfigurationList section */

/* Begin XCVersionGroup section */
		76470F6A23BFCE5A004EF4B2 /* Filmey.xcdatamodeld */ = {
			isa = XCVersionGroup;
			children = (
				76470F6B23BFCE5A004EF4B2 /* Filmey.xcdatamodel */,
			);
			currentVersion = 76470F6B23BFCE5A004EF4B2 /* Filmey.xcdatamodel */;
			path = Filmey.xcdatamodeld;
			sourceTree = "<group>";
			versionGroupType = wrapper.xcdatamodel;
		};
/* End XCVersionGroup section */
	};
	rootObject = 76470F5623BFCE5A004EF4B2 /* Project object */;
}
